// !$*UTF8*$!
{
	archiveVersion = 1;
	classes = {
	};
	objectVersion = 46;
	objects = {

/* Begin PBXBuildFile section */
		7BCC86451E7060C000D36D47 /* AppDelegate.swift in Sources */ = {isa = PBXBuildFile; fileRef = 7BCC86441E7060C000D36D47 /* AppDelegate.swift */; };
		7BCC86471E7060C100D36D47 /* PermissionsVC.swift in Sources */ = {isa = PBXBuildFile; fileRef = 7BCC86461E7060C100D36D47 /* PermissionsVC.swift */; };
		7BCC864A1E7060C100D36D47 /* Main.storyboard in Resources */ = {isa = PBXBuildFile; fileRef = 7BCC86481E7060C100D36D47 /* Main.storyboard */; };
		7BCC864D1E7060C100D36D47 /* Transcribed.xcdatamodeld in Sources */ = {isa = PBXBuildFile; fileRef = 7BCC864B1E7060C100D36D47 /* Transcribed.xcdatamodeld */; };
		7BCC864F1E7060C100D36D47 /* Assets.xcassets in Resources */ = {isa = PBXBuildFile; fileRef = 7BCC864E1E7060C100D36D47 /* Assets.xcassets */; };
		7BCC86521E7060C100D36D47 /* LaunchScreen.storyboard in Resources */ = {isa = PBXBuildFile; fileRef = 7BCC86501E7060C100D36D47 /* LaunchScreen.storyboard */; };
		7BCC865A1E7068DA00D36D47 /* TranscriptionsVC.swift in Sources */ = {isa = PBXBuildFile; fileRef = 7BCC86591E7068DA00D36D47 /* TranscriptionsVC.swift */; };
/* End PBXBuildFile section */

/* Begin PBXFileReference section */
		7BCC86411E7060C000D36D47 /* Transcribed.app */ = {isa = PBXFileReference; explicitFileType = wrapper.application; includeInIndex = 0; path = Transcribed.app; sourceTree = BUILT_PRODUCTS_DIR; };
		7BCC86441E7060C000D36D47 /* AppDelegate.swift */ = {isa = PBXFileReference; lastKnownFileType = sourcecode.swift; path = AppDelegate.swift; sourceTree = "<group>"; };
		7BCC86461E7060C100D36D47 /* PermissionsVC.swift */ = {isa = PBXFileReference; lastKnownFileType = sourcecode.swift; path = PermissionsVC.swift; sourceTree = "<group>"; };
		7BCC86491E7060C100D36D47 /* Base */ = {isa = PBXFileReference; lastKnownFileType = file.storyboard; name = Base; path = Base.lproj/Main.storyboard; sourceTree = "<group>"; };
		7BCC864C1E7060C100D36D47 /* Transcribed.xcdatamodel */ = {isa = PBXFileReference; lastKnownFileType = wrapper.xcdatamodel; path = Transcribed.xcdatamodel; sourceTree = "<group>"; };
		7BCC864E1E7060C100D36D47 /* Assets.xcassets */ = {isa = PBXFileReference; lastKnownFileType = folder.assetcatalog; path = Assets.xcassets; sourceTree = "<group>"; };
		7BCC86511E7060C100D36D47 /* Base */ = {isa = PBXFileReference; lastKnownFileType = file.storyboard; name = Base; path = Base.lproj/LaunchScreen.storyboard; sourceTree = "<group>"; };
		7BCC86531E7060C100D36D47 /* Info.plist */ = {isa = PBXFileReference; lastKnownFileType = text.plist.xml; path = Info.plist; sourceTree = "<group>"; };
		7BCC86591E7068DA00D36D47 /* TranscriptionsVC.swift */ = {isa = PBXFileReference; fileEncoding = 4; lastKnownFileType = sourcecode.swift; path = TranscriptionsVC.swift; sourceTree = "<group>"; };
/* End PBXFileReference section */

/* Begin PBXFrameworksBuildPhase section */
		7BCC863E1E7060C000D36D47 /* Frameworks */ = {
			isa = PBXFrameworksBuildPhase;
			buildActionMask = 2147483647;
			files = (
			);
			runOnlyForDeploymentPostprocessing = 0;
		};
/* End PBXFrameworksBuildPhase section */

/* Begin PBXGroup section */
		7BCC86381E7060C000D36D47 = {
			isa = PBXGroup;
			children = (
				7BCC86431E7060C000D36D47 /* Transcribed */,
				7BCC86421E7060C000D36D47 /* Products */,
			);
			sourceTree = "<group>";
		};
		7BCC86421E7060C000D36D47 /* Products */ = {
			isa = PBXGroup;
			children = (
				7BCC86411E7060C000D36D47 /* Transcribed.app */,
			);
			name = Products;
			sourceTree = "<group>";
		};
		7BCC86431E7060C000D36D47 /* Transcribed */ = {
			isa = PBXGroup;
			children = (
				7BCC865D1E706A1100D36D47 /* Model */,
				7BCC865C1E706A0800D36D47 /* View */,
				7BCC865B1E706A0000D36D47 /* Controller */,
				7BCC86481E7060C100D36D47 /* Main.storyboard */,
				7BCC864E1E7060C100D36D47 /* Assets.xcassets */,
				7BCC86501E7060C100D36D47 /* LaunchScreen.storyboard */,
				7BCC86531E7060C100D36D47 /* Info.plist */,
				7BCC864B1E7060C100D36D47 /* Transcribed.xcdatamodeld */,
			);
			path = Transcribed;
			sourceTree = "<group>";
		};
		7BCC865B1E706A0000D36D47 /* Controller */ = {
			isa = PBXGroup;
			children = (
				7BCC86441E7060C000D36D47 /* AppDelegate.swift */,
				7BCC86461E7060C100D36D47 /* PermissionsVC.swift */,
				7BCC86591E7068DA00D36D47 /* TranscriptionsVC.swift */,
			);
			name = Controller;
			sourceTree = "<group>";
		};
		7BCC865C1E706A0800D36D47 /* View */ = {
			isa = PBXGroup;
			children = (
			);
			name = View;
			sourceTree = "<group>";
		};
		7BCC865D1E706A1100D36D47 /* Model */ = {
			isa = PBXGroup;
			children = (
			);
			name = Model;
			sourceTree = "<group>";
		};
/* End PBXGroup section */

/* Begin PBXNativeTarget section */
		7BCC86401E7060C000D36D47 /* Transcribed */ = {
			isa = PBXNativeTarget;
			buildConfigurationList = 7BCC86561E7060C100D36D47 /* Build configuration list for PBXNativeTarget "Transcribed" */;
			buildPhases = (
				7BCC863D1E7060C000D36D47 /* Sources */,
				7BCC863E1E7060C000D36D47 /* Frameworks */,
				7BCC863F1E7060C000D36D47 /* Resources */,
			);
			buildRules = (
			);
			dependencies = (
			);
			name = Transcribed;
			productName = Transcribed;
			productReference = 7BCC86411E7060C000D36D47 /* Transcribed.app */;
			productType = "com.apple.product-type.application";
		};
/* End PBXNativeTarget section */

/* Begin PBXProject section */
		7BCC86391E7060C000D36D47 /* Project object */ = {
			isa = PBXProject;
			attributes = {
				LastSwiftUpdateCheck = 0820;
				LastUpgradeCheck = 0820;
				ORGANIZATIONNAME = "Dan Lindsay";
				TargetAttributes = {
					7BCC86401E7060C000D36D47 = {
						CreatedOnToolsVersion = 8.2.1;
						DevelopmentTeam = 999T2QHS45;
						ProvisioningStyle = Automatic;
					};
				};
			};
			buildConfigurationList = 7BCC863C1E7060C000D36D47 /* Build configuration list for PBXProject "Transcribed" */;
			compatibilityVersion = "Xcode 3.2";
			developmentRegion = English;
			hasScannedForEncodings = 0;
			knownRegions = (
				en,
				Base,
			);
			mainGroup = 7BCC86381E7060C000D36D47;
			productRefGroup = 7BCC86421E7060C000D36D47 /* Products */;
			projectDirPath = "";
			projectRoot = "";
			targets = (
				7BCC86401E7060C000D36D47 /* Transcribed */,
			);
		};
/* End PBXProject section */

/* Begin PBXResourcesBuildPhase section */
		7BCC863F1E7060C000D36D47 /* Resources */ = {
			isa = PBXResourcesBuildPhase;
			buildActionMask = 2147483647;
			files = (
				7BCC86521E7060C100D36D47 /* LaunchScreen.storyboard in Resources */,
				7BCC864F1E7060C100D36D47 /* Assets.xcassets in Resources */,
				7BCC864A1E7060C100D36D47 /* Main.storyboard in Resources */,
			);
			runOnlyForDeploymentPostprocessing = 0;
		};
/* End PBXResourcesBuildPhase section */

/* Begin PBXSourcesBuildPhase section */
		7BCC863D1E7060C000D36D47 /* Sources */ = {
			isa = PBXSourcesBuildPhase;
			buildActionMask = 2147483647;
			files = (
				7BCC86471E7060C100D36D47 /* PermissionsVC.swift in Sources */,
				7BCC865A1E7068DA00D36D47 /* TranscriptionsVC.swift in Sources */,
				7BCC86451E7060C000D36D47 /* AppDelegate.swift in Sources */,
				7BCC864D1E7060C100D36D47 /* Transcribed.xcdatamodeld in Sources */,
			);
			runOnlyForDeploymentPostprocessing = 0;
		};
/* End PBXSourcesBuildPhase section */

/* Begin PBXVariantGroup section */
		7BCC86481E7060C100D36D47 /* Main.storyboard */ = {
			isa = PBXVariantGroup;
			children = (
				7BCC86491E7060C100D36D47 /* Base */,
			);
			name = Main.storyboard;
			sourceTree = "<group>";
		};
		7BCC86501E7060C100D36D47 /* LaunchScreen.storyboard */ = {
			isa = PBXVariantGroup;
			children = (
				7BCC86511E7060C100D36D47 /* Base */,
			);
			name = LaunchScreen.storyboard;
			sourceTree = "<group>";
		};
/* End PBXVariantGroup section */

/* Begin XCBuildConfiguration section */
		7BCC86541E7060C100D36D47 /* Debug */ = {
			isa = XCBuildConfiguration;
			buildSettings = {
				ALWAYS_SEARCH_USER_PATHS = NO;
				CLANG_ANALYZER_NONNULL = YES;
				CLANG_CXX_LANGUAGE_STANDARD = "gnu++0x";
				CLANG_CXX_LIBRARY = "libc++";
				CLANG_ENABLE_MODULES = YES;
				CLANG_ENABLE_OBJC_ARC = YES;
				CLANG_WARN_BOOL_CONVERSION = YES;
				CLANG_WARN_CONSTANT_CONVERSION = YES;
				CLANG_WARN_DIRECT_OBJC_ISA_USAGE = YES_ERROR;
				CLANG_WARN_DOCUMENTATION_COMMENTS = YES;
				CLANG_WARN_EMPTY_BODY = YES;
				CLANG_WARN_ENUM_CONVERSION = YES;
				CLANG_WARN_INFINITE_RECURSION = YES;
				CLANG_WARN_INT_CONVERSION = YES;
				CLANG_WARN_OBJC_ROOT_CLASS = YES_ERROR;
				CLANG_WARN_SUSPICIOUS_MOVE = YES;
				CLANG_WARN_UNREACHABLE_CODE = YES;
				CLANG_WARN__DUPLICATE_METHOD_MATCH = YES;
				"CODE_SIGN_IDENTITY[sdk=iphoneos*]" = "iPhone Developer";
				COPY_PHASE_STRIP = NO;
				DEBUG_INFORMATION_FORMAT = dwarf;
				ENABLE_STRICT_OBJC_MSGSEND = YES;
				ENABLE_TESTABILITY = YES;
				GCC_C_LANGUAGE_STANDARD = gnu99;
				GCC_DYNAMIC_NO_PIC = NO;
				GCC_NO_COMMON_BLOCKS = YES;
				GCC_OPTIMIZATION_LEVEL = 0;
				GCC_PREPROCESSOR_DEFINITIONS = (
					"DEBUG=1",
					"$(inherited)",
				);
				GCC_WARN_64_TO_32_BIT_CONVERSION = YES;
				GCC_WARN_ABOUT_RETURN_TYPE = YES_ERROR;
				GCC_WARN_UNDECLARED_SELECTOR = YES;
				GCC_WARN_UNINITIALIZED_AUTOS = YES_AGGRESSIVE;
				GCC_WARN_UNUSED_FUNCTION = YES;
				GCC_WARN_UNUSED_VARIABLE = YES;
				IPHONEOS_DEPLOYMENT_TARGET = 10.2;
				MTL_ENABLE_DEBUG_INFO = YES;
				ONLY_ACTIVE_ARCH = YES;
				SDKROOT = iphoneos;
				SWIFT_ACTIVE_COMPILATION_CONDITIONS = DEBUG;
				SWIFT_OPTIMIZATION_LEVEL = "-Onone";
				TARGETED_DEVICE_FAMILY = "1,2";
			};
			name = Debug;
		};
		7BCC86551E7060C100D36D47 /* Release */ = {
			isa = XCBuildConfiguration;
			buildSettings = {
				ALWAYS_SEARCH_USER_PATHS = NO;
				CLANG_ANALYZER_NONNULL = YES;
				CLANG_CXX_LANGUAGE_STANDARD = "gnu++0x";
				CLANG_CXX_LIBRARY = "libc++";
				CLANG_ENABLE_MODULES = YES;
				CLANG_ENABLE_OBJC_ARC = YES;
				CLANG_WARN_BOOL_CONVERSION = YES;
				CLANG_WARN_CONSTANT_CONVERSION = YES;
				CLANG_WARN_DIRECT_OBJC_ISA_USAGE = YES_ERROR;
				CLANG_WARN_DOCUMENTATION_COMMENTS = YES;
				CLANG_WARN_EMPTY_BODY = YES;
				CLANG_WARN_ENUM_CONVERSION = YES;
				CLANG_WARN_INFINITE_RECURSION = YES;
				CLANG_WARN_INT_CONVERSION = YES;
				CLANG_WARN_OBJC_ROOT_CLASS = YES_ERROR;
				CLANG_WARN_SUSPICIOUS_MOVE = YES;
				CLANG_WARN_UNREACHABLE_CODE = YES;
				CLANG_WARN__DUPLICATE_METHOD_MATCH = YES;
				"CODE_SIGN_IDENTITY[sdk=iphoneos*]" = "iPhone Developer";
				COPY_PHASE_STRIP = NO;
				DEBUG_INFORMATION_FORMAT = "dwarf-with-dsym";
				ENABLE_NS_ASSERTIONS = NO;
				ENABLE_STRICT_OBJC_MSGSEND = YES;
				GCC_C_LANGUAGE_STANDARD = gnu99;
				GCC_NO_COMMON_BLOCKS = YES;
				GCC_WARN_64_TO_32_BIT_CONVERSION = YES;
				GCC_WARN_ABOUT_RETURN_TYPE = YES_ERROR;
				GCC_WARN_UNDECLARED_SELECTOR = YES;
				GCC_WARN_UNINITIALIZED_AUTOS = YES_AGGRESSIVE;
				GCC_WARN_UNUSED_FUNCTION = YES;
				GCC_WARN_UNUSED_VARIABLE = YES;
				IPHONEOS_DEPLOYMENT_TARGET = 10.2;
				MTL_ENABLE_DEBUG_INFO = NO;
				SDKROOT = iphoneos;
				SWIFT_OPTIMIZATION_LEVEL = "-Owholemodule";
				TARGETED_DEVICE_FAMILY = "1,2";
				VALIDATE_PRODUCT = YES;
			};
			name = Release;
		};
		7BCC86571E7060C100D36D47 /* Debug */ = {
			isa = XCBuildConfiguration;
			buildSettings = {
				ASSETCATALOG_COMPILER_APPICON_NAME = AppIcon;
				DEVELOPMENT_TEAM = 999T2QHS45;
				INFOPLIST_FILE = Transcribed/Info.plist;
				LD_RUNPATH_SEARCH_PATHS = "$(inherited) @executable_path/Frameworks";
				PRODUCT_BUNDLE_IDENTIFIER = com.omnificCondition.Transcribed;
				PRODUCT_NAME = "$(TARGET_NAME)";
				SWIFT_VERSION = 3.0;
			};
			name = Debug;
		};
		7BCC86581E7060C100D36D47 /* Release */ = {
			isa = XCBuildConfiguration;
			buildSettings = {
				ASSETCATALOG_COMPILER_APPICON_NAME = AppIcon;
				DEVELOPMENT_TEAM = 999T2QHS45;
				INFOPLIST_FILE = Transcribed/Info.plist;
				LD_RUNPATH_SEARCH_PATHS = "$(inherited) @executable_path/Frameworks";
				PRODUCT_BUNDLE_IDENTIFIER = com.omnificCondition.Transcribed;
				PRODUCT_NAME = "$(TARGET_NAME)";
				SWIFT_VERSION = 3.0;
			};
			name = Release;
		};
/* End XCBuildConfiguration section */

/* Begin XCConfigurationList section */
		7BCC863C1E7060C000D36D47 /* Build configuration list for PBXProject "Transcribed" */ = {
			isa = XCConfigurationList;
			buildConfigurations = (
				7BCC86541E7060C100D36D47 /* Debug */,
				7BCC86551E7060C100D36D47 /* Release */,
			);
			defaultConfigurationIsVisible = 0;
			defaultConfigurationName = Release;
		};
		7BCC86561E7060C100D36D47 /* Build configuration list for PBXNativeTarget "Transcribed" */ = {
			isa = XCConfigurationList;
			buildConfigurations = (
				7BCC86571E7060C100D36D47 /* Debug */,
				7BCC86581E7060C100D36D47 /* Release */,
			);
			defaultConfigurationIsVisible = 0;
		};
/* End XCConfigurationList section */

/* Begin XCVersionGroup section */
		7BCC864B1E7060C100D36D47 /* Transcribed.xcdatamodeld */ = {
			isa = XCVersionGroup;
			children = (
				7BCC864C1E7060C100D36D47 /* Transcribed.xcdatamodel */,
			);
			currentVersion = 7BCC864C1E7060C100D36D47 /* Transcribed.xcdatamodel */;
			path = Transcribed.xcdatamodeld;
			sourceTree = "<group>";
			versionGroupType = wrapper.xcdatamodel;
		};
/* End XCVersionGroup section */
	};
	rootObject = 7BCC86391E7060C000D36D47 /* Project object */;
}
